// !$*UTF8*$!
{
	archiveVersion = 1;
	classes = {
	};
	objectVersion = 50;
	objects = {

/* Begin PBXBuildFile section */
		EC0474D92125029F00512D65 /* AppDelegate.swift in Sources */ = {isa = PBXBuildFile; fileRef = EC0474D82125029F00512D65 /* AppDelegate.swift */; };
		EC0474DE2125029F00512D65 /* Main.storyboard in Resources */ = {isa = PBXBuildFile; fileRef = EC0474DC2125029F00512D65 /* Main.storyboard */; };
		EC0474E0212502A400512D65 /* Assets.xcassets in Resources */ = {isa = PBXBuildFile; fileRef = EC0474DF212502A400512D65 /* Assets.xcassets */; };
		EC0474E3212502A400512D65 /* LaunchScreen.storyboard in Resources */ = {isa = PBXBuildFile; fileRef = EC0474E1212502A400512D65 /* LaunchScreen.storyboard */; };
		EC0474EF212505ED00512D65 /* AmiiboListScreen.swift in Sources */ = {isa = PBXBuildFile; fileRef = EC0474EE212505ED00512D65 /* AmiiboListScreen.swift */; };
		EC0474F12125061400512D65 /* AmiiboDetailScreen.swift in Sources */ = {isa = PBXBuildFile; fileRef = EC0474F02125061400512D65 /* AmiiboDetailScreen.swift */; };
		EC0474F32125066100512D65 /* AmiiboModel.swift in Sources */ = {isa = PBXBuildFile; fileRef = EC0474F22125066100512D65 /* AmiiboModel.swift */; };
		EC0474F5212540A900512D65 /* Constants.swift in Sources */ = {isa = PBXBuildFile; fileRef = EC0474F4212540A900512D65 /* Constants.swift */; };
		EC0474F72125687400512D65 /* Extensions.swift in Sources */ = {isa = PBXBuildFile; fileRef = EC0474F62125687400512D65 /* Extensions.swift */; };
/* End PBXBuildFile section */

/* Begin PBXFileReference section */
		EC0474D52125029F00512D65 /* AmiiboApp.app */ = {isa = PBXFileReference; explicitFileType = wrapper.application; includeInIndex = 0; path = AmiiboApp.app; sourceTree = BUILT_PRODUCTS_DIR; };
		EC0474D82125029F00512D65 /* AppDelegate.swift */ = {isa = PBXFileReference; lastKnownFileType = sourcecode.swift; path = AppDelegate.swift; sourceTree = "<group>"; };
		EC0474DD2125029F00512D65 /* Base */ = {isa = PBXFileReference; lastKnownFileType = file.storyboard; name = Base; path = Base.lproj/Main.storyboard; sourceTree = "<group>"; };
		EC0474DF212502A400512D65 /* Assets.xcassets */ = {isa = PBXFileReference; lastKnownFileType = folder.assetcatalog; path = Assets.xcassets; sourceTree = "<group>"; };
		EC0474E2212502A400512D65 /* Base */ = {isa = PBXFileReference; lastKnownFileType = file.storyboard; name = Base; path = Base.lproj/LaunchScreen.storyboard; sourceTree = "<group>"; };
		EC0474E4212502A400512D65 /* Info.plist */ = {isa = PBXFileReference; lastKnownFileType = text.plist.xml; path = Info.plist; sourceTree = "<group>"; };
		EC0474EE212505ED00512D65 /* AmiiboListScreen.swift */ = {isa = PBXFileReference; lastKnownFileType = sourcecode.swift; path = AmiiboListScreen.swift; sourceTree = "<group>"; };
		EC0474F02125061400512D65 /* AmiiboDetailScreen.swift */ = {isa = PBXFileReference; lastKnownFileType = sourcecode.swift; path = AmiiboDetailScreen.swift; sourceTree = "<group>"; };
		EC0474F22125066100512D65 /* AmiiboModel.swift */ = {isa = PBXFileReference; lastKnownFileType = sourcecode.swift; path = AmiiboModel.swift; sourceTree = "<group>"; };
		EC0474F4212540A900512D65 /* Constants.swift */ = {isa = PBXFileReference; lastKnownFileType = sourcecode.swift; path = Constants.swift; sourceTree = "<group>"; };
		EC0474F62125687400512D65 /* Extensions.swift */ = {isa = PBXFileReference; lastKnownFileType = sourcecode.swift; path = Extensions.swift; sourceTree = "<group>"; };
/* End PBXFileReference section */

/* Begin PBXFrameworksBuildPhase section */
		EC0474D22125029F00512D65 /* Frameworks */ = {
			isa = PBXFrameworksBuildPhase;
			buildActionMask = 2147483647;
			files = (
			);
			runOnlyForDeploymentPostprocessing = 0;
		};
/* End PBXFrameworksBuildPhase section */

/* Begin PBXGroup section */
		EC0474CC2125029F00512D65 = {
			isa = PBXGroup;
			children = (
				EC0474D72125029F00512D65 /* AmiiboApp */,
				EC0474D62125029F00512D65 /* Products */,
			);
			sourceTree = "<group>";
		};
		EC0474D62125029F00512D65 /* Products */ = {
			isa = PBXGroup;
			children = (
				EC0474D52125029F00512D65 /* AmiiboApp.app */,
			);
			name = Products;
			sourceTree = "<group>";
		};
		EC0474D72125029F00512D65 /* AmiiboApp */ = {
			isa = PBXGroup;
			children = (
				EC0474ED212502C300512D65 /* Model */,
				EC0474EC212502C100512D65 /* View */,
				EC0474EB212502BE00512D65 /* Controller */,
				EC0474EA212502BA00512D65 /* Resources */,
			);
			path = AmiiboApp;
			sourceTree = "<group>";
		};
		EC0474EA212502BA00512D65 /* Resources */ = {
			isa = PBXGroup;
			children = (
				EC0474DF212502A400512D65 /* Assets.xcassets */,
				EC0474E4212502A400512D65 /* Info.plist */,
			);
			path = Resources;
			sourceTree = "<group>";
		};
		EC0474EB212502BE00512D65 /* Controller */ = {
			isa = PBXGroup;
			children = (
				EC0474D82125029F00512D65 /* AppDelegate.swift */,
				EC0474EE212505ED00512D65 /* AmiiboListScreen.swift */,
				EC0474F02125061400512D65 /* AmiiboDetailScreen.swift */,
			);
			path = Controller;
			sourceTree = "<group>";
		};
		EC0474EC212502C100512D65 /* View */ = {
			isa = PBXGroup;
			children = (
				EC0474DC2125029F00512D65 /* Main.storyboard */,
				EC0474E1212502A400512D65 /* LaunchScreen.storyboard */,
			);
			path = View;
			sourceTree = "<group>";
		};
		EC0474ED212502C300512D65 /* Model */ = {
			isa = PBXGroup;
			children = (
				EC0474F22125066100512D65 /* AmiiboModel.swift */,
				EC0474F4212540A900512D65 /* Constants.swift */,
				EC0474F62125687400512D65 /* Extensions.swift */,
			);
			path = Model;
			sourceTree = "<group>";
		};
/* End PBXGroup section */

/* Begin PBXNativeTarget section */
		EC0474D42125029F00512D65 /* AmiiboApp */ = {
			isa = PBXNativeTarget;
			buildConfigurationList = EC0474E7212502A400512D65 /* Build configuration list for PBXNativeTarget "AmiiboApp" */;
			buildPhases = (
				EC0474D12125029F00512D65 /* Sources */,
				EC0474D22125029F00512D65 /* Frameworks */,
				EC0474D32125029F00512D65 /* Resources */,
			);
			buildRules = (
			);
			dependencies = (
			);
			name = AmiiboApp;
			productName = AmiiboApp;
			productReference = EC0474D52125029F00512D65 /* AmiiboApp.app */;
			productType = "com.apple.product-type.application";
		};
/* End PBXNativeTarget section */

/* Begin PBXProject section */
		EC0474CD2125029F00512D65 /* Project object */ = {
			isa = PBXProject;
			attributes = {
				LastSwiftUpdateCheck = 0930;
				LastUpgradeCheck = 0930;
				ORGANIZATIONNAME = "Soroush Kadineh";
				TargetAttributes = {
					EC0474D42125029F00512D65 = {
						CreatedOnToolsVersion = 9.3;
					};
				};
			};
			buildConfigurationList = EC0474D02125029F00512D65 /* Build configuration list for PBXProject "AmiiboApp" */;
			compatibilityVersion = "Xcode 9.3";
			developmentRegion = en;
			hasScannedForEncodings = 0;
			knownRegions = (
				en,
				Base,
			);
			mainGroup = EC0474CC2125029F00512D65;
			productRefGroup = EC0474D62125029F00512D65 /* Products */;
			projectDirPath = "";
			projectRoot = "";
			targets = (
				EC0474D42125029F00512D65 /* AmiiboApp */,
			);
		};
/* End PBXProject section */

/* Begin PBXResourcesBuildPhase section */
		EC0474D32125029F00512D65 /* Resources */ = {
			isa = PBXResourcesBuildPhase;
			buildActionMask = 2147483647;
			files = (
				EC0474E3212502A400512D65 /* LaunchScreen.storyboard in Resources */,
				EC0474E0212502A400512D65 /* Assets.xcassets in Resources */,
				EC0474DE2125029F00512D65 /* Main.storyboard in Resources */,
			);
			runOnlyForDeploymentPostprocessing = 0;
		};
/* End PBXResourcesBuildPhase section */

/* Begin PBXSourcesBuildPhase section */
		EC0474D12125029F00512D65 /* Sources */ = {
			isa = PBXSourcesBuildPhase;
			buildActionMask = 2147483647;
			files = (
				EC0474F5212540A900512D65 /* Constants.swift in Sources */,
				EC0474F72125687400512D65 /* Extensions.swift in Sources */,
				EC0474EF212505ED00512D65 /* AmiiboListScreen.swift in Sources */,
				EC0474F12125061400512D65 /* AmiiboDetailScreen.swift in Sources */,
				EC0474F32125066100512D65 /* AmiiboModel.swift in Sources */,
				EC0474D92125029F00512D65 /* AppDelegate.swift in Sources */,
			);
			runOnlyForDeploymentPostprocessing = 0;
		};
/* End PBXSourcesBuildPhase section */

/* Begin PBXVariantGroup section */
		EC0474DC2125029F00512D65 /* Main.storyboard */ = {
			isa = PBXVariantGroup;
			children = (
				EC0474DD2125029F00512D65 /* Base */,
			);
			name = Main.storyboard;
			sourceTree = "<group>";
		};
		EC0474E1212502A400512D65 /* LaunchScreen.storyboard */ = {
			isa = PBXVariantGroup;
			children = (
				EC0474E2212502A400512D65 /* Base */,
			);
			name = LaunchScreen.storyboard;
			sourceTree = "<group>";
		};
/* End PBXVariantGroup section */

/* Begin XCBuildConfiguration section */
		EC0474E5212502A400512D65 /* Debug */ = {
			isa = XCBuildConfiguration;
			buildSettings = {
				ALWAYS_SEARCH_USER_PATHS = NO;
				CLANG_ANALYZER_NONNULL = YES;
				CLANG_ANALYZER_NUMBER_OBJECT_CONVERSION = YES_AGGRESSIVE;
				CLANG_CXX_LANGUAGE_STANDARD = "gnu++14";
				CLANG_CXX_LIBRARY = "libc++";
				CLANG_ENABLE_MODULES = YES;
				CLANG_ENABLE_OBJC_ARC = YES;
				CLANG_ENABLE_OBJC_WEAK = YES;
				CLANG_WARN_BLOCK_CAPTURE_AUTORELEASING = YES;
				CLANG_WARN_BOOL_CONVERSION = YES;
				CLANG_WARN_COMMA = YES;
				CLANG_WARN_CONSTANT_CONVERSION = YES;
				CLANG_WARN_DEPRECATED_OBJC_IMPLEMENTATIONS = YES;
				CLANG_WARN_DIRECT_OBJC_ISA_USAGE = YES_ERROR;
				CLANG_WARN_DOCUMENTATION_COMMENTS = YES;
				CLANG_WARN_EMPTY_BODY = YES;
				CLANG_WARN_ENUM_CONVERSION = YES;
				CLANG_WARN_INFINITE_RECURSION = YES;
				CLANG_WARN_INT_CONVERSION = YES;
				CLANG_WARN_NON_LITERAL_NULL_CONVERSION = YES;
				CLANG_WARN_OBJC_IMPLICIT_RETAIN_SELF = YES;
				CLANG_WARN_OBJC_LITERAL_CONVERSION = YES;
				CLANG_WARN_OBJC_ROOT_CLASS = YES_ERROR;
				CLANG_WARN_RANGE_LOOP_ANALYSIS = YES;
				CLANG_WARN_STRICT_PROTOTYPES = YES;
				CLANG_WARN_SUSPICIOUS_MOVE = YES;
				CLANG_WARN_UNGUARDED_AVAILABILITY = YES_AGGRESSIVE;
				CLANG_WARN_UNREACHABLE_CODE = YES;
				CLANG_WARN__DUPLICATE_METHOD_MATCH = YES;
				CODE_SIGN_IDENTITY = "iPhone Developer";
				COPY_PHASE_STRIP = NO;
				DEBUG_INFORMATION_FORMAT = dwarf;
				ENABLE_STRICT_OBJC_MSGSEND = YES;
				ENABLE_TESTABILITY = YES;
				GCC_C_LANGUAGE_STANDARD = gnu11;
				GCC_DYNAMIC_NO_PIC = NO;
				GCC_NO_COMMON_BLOCKS = YES;
				GCC_OPTIMIZATION_LEVEL = 0;
				GCC_PREPROCESSOR_DEFINITIONS = (
					"DEBUG=1",
					"$(inherited)",
				);
				GCC_WARN_64_TO_32_BIT_CONVERSION = YES;
				GCC_WARN_ABOUT_RETURN_TYPE = YES_ERROR;
				GCC_WARN_UNDECLARED_SELECTOR = YES;
				GCC_WARN_UNINITIALIZED_AUTOS = YES_AGGRESSIVE;
				GCC_WARN_UNUSED_FUNCTION = YES;
				GCC_WARN_UNUSED_VARIABLE = YES;
				IPHONEOS_DEPLOYMENT_TARGET = 11.3;
				MTL_ENABLE_DEBUG_INFO = YES;
				ONLY_ACTIVE_ARCH = YES;
				SDKROOT = iphoneos;
				SWIFT_ACTIVE_COMPILATION_CONDITIONS = DEBUG;
				SWIFT_OPTIMIZATION_LEVEL = "-Onone";
			};
			name = Debug;
		};
		EC0474E6212502A400512D65 /* Release */ = {
			isa = XCBuildConfiguration;
			buildSettings = {
				ALWAYS_SEARCH_USER_PATHS = NO;
				CLANG_ANALYZER_NONNULL = YES;
				CLANG_ANALYZER_NUMBER_OBJECT_CONVERSION = YES_AGGRESSIVE;
				CLANG_CXX_LANGUAGE_STANDARD = "gnu++14";
				CLANG_CXX_LIBRARY = "libc++";
				CLANG_ENABLE_MODULES = YES;
				CLANG_ENABLE_OBJC_ARC = YES;
				CLANG_ENABLE_OBJC_WEAK = YES;
				CLANG_WARN_BLOCK_CAPTURE_AUTORELEASING = YES;
				CLANG_WARN_BOOL_CONVERSION = YES;
				CLANG_WARN_COMMA = YES;
				CLANG_WARN_CONSTANT_CONVERSION = YES;
				CLANG_WARN_DEPRECATED_OBJC_IMPLEMENTATIONS = YES;
				CLANG_WARN_DIRECT_OBJC_ISA_USAGE = YES_ERROR;
				CLANG_WARN_DOCUMENTATION_COMMENTS = YES;
				CLANG_WARN_EMPTY_BODY = YES;
				CLANG_WARN_ENUM_CONVERSION = YES;
				CLANG_WARN_INFINITE_RECURSION = YES;
				CLANG_WARN_INT_CONVERSION = YES;
				CLANG_WARN_NON_LITERAL_NULL_CONVERSION = YES;
				CLANG_WARN_OBJC_IMPLICIT_RETAIN_SELF = YES;
				CLANG_WARN_OBJC_LITERAL_CONVERSION = YES;
				CLANG_WARN_OBJC_ROOT_CLASS = YES_ERROR;
				CLANG_WARN_RANGE_LOOP_ANALYSIS = YES;
				CLANG_WARN_STRICT_PROTOTYPES = YES;
				CLANG_WARN_SUSPICIOUS_MOVE = YES;
				CLANG_WARN_UNGUARDED_AVAILABILITY = YES_AGGRESSIVE;
				CLANG_WARN_UNREACHABLE_CODE = YES;
				CLANG_WARN__DUPLICATE_METHOD_MATCH = YES;
				CODE_SIGN_IDENTITY = "iPhone Developer";
				COPY_PHASE_STRIP = NO;
				DEBUG_INFORMATION_FORMAT = "dwarf-with-dsym";
				ENABLE_NS_ASSERTIONS = NO;
				ENABLE_STRICT_OBJC_MSGSEND = YES;
				GCC_C_LANGUAGE_STANDARD = gnu11;
				GCC_NO_COMMON_BLOCKS = YES;
				GCC_WARN_64_TO_32_BIT_CONVERSION = YES;
				GCC_WARN_ABOUT_RETURN_TYPE = YES_ERROR;
				GCC_WARN_UNDECLARED_SELECTOR = YES;
				GCC_WARN_UNINITIALIZED_AUTOS = YES_AGGRESSIVE;
				GCC_WARN_UNUSED_FUNCTION = YES;
				GCC_WARN_UNUSED_VARIABLE = YES;
				IPHONEOS_DEPLOYMENT_TARGET = 11.3;
				MTL_ENABLE_DEBUG_INFO = NO;
				SDKROOT = iphoneos;
				SWIFT_COMPILATION_MODE = wholemodule;
				SWIFT_OPTIMIZATION_LEVEL = "-O";
				VALIDATE_PRODUCT = YES;
			};
			name = Release;
		};
		EC0474E8212502A400512D65 /* Debug */ = {
			isa = XCBuildConfiguration;
			buildSettings = {
				ASSETCATALOG_COMPILER_APPICON_NAME = AppIcon;
				CODE_SIGN_STYLE = Automatic;
				DEVELOPMENT_TEAM = EBYTHUVN6B;
				INFOPLIST_FILE = "$(SRCROOT)/AmiiboApp/Resources/Info.plist";
				LD_RUNPATH_SEARCH_PATHS = (
					"$(inherited)",
					"@executable_path/Frameworks",
				);
				PRODUCT_BUNDLE_IDENTIFIER = "Soroush-Production.AmiiboApp";
				PRODUCT_NAME = "$(TARGET_NAME)";
				SWIFT_VERSION = 4.0;
				TARGETED_DEVICE_FAMILY = "1,2";
			};
			name = Debug;
		};
		EC0474E9212502A400512D65 /* Release */ = {
			isa = XCBuildConfiguration;
			buildSettings = {
				ASSETCATALOG_COMPILER_APPICON_NAME = AppIcon;
				CODE_SIGN_STYLE = Automatic;
				DEVELOPMENT_TEAM = EBYTHUVN6B;
				INFOPLIST_FILE = "$(SRCROOT)/AmiiboApp/Resources/Info.plist";
				LD_RUNPATH_SEARCH_PATHS = (
					"$(inherited)",
					"@executable_path/Frameworks",
				);
				PRODUCT_BUNDLE_IDENTIFIER = "Soroush-Production.AmiiboApp";
				PRODUCT_NAME = "$(TARGET_NAME)";
				SWIFT_VERSION = 4.0;
				TARGETED_DEVICE_FAMILY = "1,2";
			};
			name = Release;
		};
/* End XCBuildConfiguration section */

/* Begin XCConfigurationList section */
		EC0474D02125029F00512D65 /* Build configuration list for PBXProject "AmiiboApp" */ = {
			isa = XCConfigurationList;
			buildConfigurations = (
				EC0474E5212502A400512D65 /* Debug */,
				EC0474E6212502A400512D65 /* Release */,
			);
			defaultConfigurationIsVisible = 0;
			defaultConfigurationName = Release;
		};
		EC0474E7212502A400512D65 /* Build configuration list for PBXNativeTarget "AmiiboApp" */ = {
			isa = XCConfigurationList;
			buildConfigurations = (
				EC0474E8212502A400512D65 /* Debug */,
				EC0474E9212502A400512D65 /* Release */,
			);
			defaultConfigurationIsVisible = 0;
			defaultConfigurationName = Release;
		};
/* End XCConfigurationList section */
	};
	rootObject = EC0474CD2125029F00512D65 /* Project object */;
}
